// !$*UTF8*$!
{
	archiveVersion = 1;
	classes = {
	};
	objectVersion = 56;
	objects = {

/* Begin PBXBuildFile section */
		FF05EE552A1CF624003E6F8F /* AppDelegate.swift in Sources */ = {isa = PBXBuildFile; fileRef = FF05EE542A1CF624003E6F8F /* AppDelegate.swift */; };
		FF05EE572A1CF624003E6F8F /* SceneDelegate.swift in Sources */ = {isa = PBXBuildFile; fileRef = FF05EE562A1CF624003E6F8F /* SceneDelegate.swift */; };
		FF05EE592A1CF624003E6F8F /* ViewController.swift in Sources */ = {isa = PBXBuildFile; fileRef = FF05EE582A1CF624003E6F8F /* ViewController.swift */; };
		FF05EE5C2A1CF624003E6F8F /* Main.storyboard in Resources */ = {isa = PBXBuildFile; fileRef = FF05EE5A2A1CF624003E6F8F /* Main.storyboard */; };
		FF05EE5E2A1CF626003E6F8F /* Assets.xcassets in Resources */ = {isa = PBXBuildFile; fileRef = FF05EE5D2A1CF626003E6F8F /* Assets.xcassets */; };
		FF05EE612A1CF626003E6F8F /* LaunchScreen.storyboard in Resources */ = {isa = PBXBuildFile; fileRef = FF05EE5F2A1CF626003E6F8F /* LaunchScreen.storyboard */; };
		FF930D672A1E10B40049B43F /* FeedRouter.swift in Sources */ = {isa = PBXBuildFile; fileRef = FF930D662A1E10B40049B43F /* FeedRouter.swift */; };
		FF930D692A1E10E50049B43F /* FeedItemCollectionViewCell.swift in Sources */ = {isa = PBXBuildFile; fileRef = FF930D682A1E10E50049B43F /* FeedItemCollectionViewCell.swift */; };
		FF930D6B2A1E114C0049B43F /* AppUtils.swift in Sources */ = {isa = PBXBuildFile; fileRef = FF930D6A2A1E114C0049B43F /* AppUtils.swift */; };
		FF930D6E2A1E11900049B43F /* SettingsWidgetView.swift in Sources */ = {isa = PBXBuildFile; fileRef = FF930D6D2A1E11900049B43F /* SettingsWidgetView.swift */; };
		FF930D702A1E11CC0049B43F /* SettingsRouter.swift in Sources */ = {isa = PBXBuildFile; fileRef = FF930D6F2A1E11CC0049B43F /* SettingsRouter.swift */; };
		FFDFA07F2A1D06E500D64A7F /* Engine.xcframework in Frameworks */ = {isa = PBXBuildFile; fileRef = FFDFA07E2A1D06E500D64A7F /* Engine.xcframework */; };
		FFDFA08B2A1D07F000D64A7F /* FileManager+Extensions.swift in Sources */ = {isa = PBXBuildFile; fileRef = FFDFA08A2A1D07F000D64A7F /* FileManager+Extensions.swift */; };
		FFDFA08F2A1D0AE800D64A7F /* EngineAssets in Resources */ = {isa = PBXBuildFile; fileRef = FFDFA08E2A1D0AE800D64A7F /* EngineAssets */; };
		FFDFA0922A1D1E7000D64A7F /* feedwidget_viewmodels.pb.swift in Sources */ = {isa = PBXBuildFile; fileRef = FFDFA0912A1D1E6F00D64A7F /* feedwidget_viewmodels.pb.swift */; };
		FFDFA0962A1D1EBE00D64A7F /* FeedWidgetView.swift in Sources */ = {isa = PBXBuildFile; fileRef = FFDFA0952A1D1EBE00D64A7F /* FeedWidgetView.swift */; };
		FFDFA0992A1D1EE300D64A7F /* SwiftProtobuf in Frameworks */ = {isa = PBXBuildFile; productRef = FFDFA0982A1D1EE300D64A7F /* SwiftProtobuf */; };
		FFDFA09B2A1D1EE300D64A7F /* SwiftProtobufPluginLibrary in Frameworks */ = {isa = PBXBuildFile; productRef = FFDFA09A2A1D1EE300D64A7F /* SwiftProtobufPluginLibrary */; };
		FFDFA09E2A1D1EFA00D64A7F /* AutoLayoutSugar in Frameworks */ = {isa = PBXBuildFile; productRef = FFDFA09D2A1D1EFA00D64A7F /* AutoLayoutSugar */; };
		FFDFA0A12A1D1F2300D64A7F /* FPSCounter in Frameworks */ = {isa = PBXBuildFile; productRef = FFDFA0A02A1D1F2300D64A7F /* FPSCounter */; };
		FFDFA0A62A1D1FA500D64A7F /* BaseWidgetView.swift in Sources */ = {isa = PBXBuildFile; fileRef = FFDFA0A52A1D1FA500D64A7F /* BaseWidgetView.swift */; };
		FFDFA0A82A1D1FC300D64A7F /* BaseViewController.swift in Sources */ = {isa = PBXBuildFile; fileRef = FFDFA0A72A1D1FC300D64A7F /* BaseViewController.swift */; };
/* End PBXBuildFile section */

/* Begin PBXFileReference section */
		FF05EE512A1CF624003E6F8F /* GomobilePresentation.app */ = {isa = PBXFileReference; explicitFileType = wrapper.application; includeInIndex = 0; path = GomobilePresentation.app; sourceTree = BUILT_PRODUCTS_DIR; };
		FF05EE542A1CF624003E6F8F /* AppDelegate.swift */ = {isa = PBXFileReference; lastKnownFileType = sourcecode.swift; path = AppDelegate.swift; sourceTree = "<group>"; };
		FF05EE562A1CF624003E6F8F /* SceneDelegate.swift */ = {isa = PBXFileReference; lastKnownFileType = sourcecode.swift; path = SceneDelegate.swift; sourceTree = "<group>"; };
		FF05EE582A1CF624003E6F8F /* ViewController.swift */ = {isa = PBXFileReference; lastKnownFileType = sourcecode.swift; path = ViewController.swift; sourceTree = "<group>"; };
		FF05EE5B2A1CF624003E6F8F /* Base */ = {isa = PBXFileReference; lastKnownFileType = file.storyboard; name = Base; path = Base.lproj/Main.storyboard; sourceTree = "<group>"; };
		FF05EE5D2A1CF626003E6F8F /* Assets.xcassets */ = {isa = PBXFileReference; lastKnownFileType = folder.assetcatalog; path = Assets.xcassets; sourceTree = "<group>"; };
		FF05EE602A1CF626003E6F8F /* Base */ = {isa = PBXFileReference; lastKnownFileType = file.storyboard; name = Base; path = Base.lproj/LaunchScreen.storyboard; sourceTree = "<group>"; };
		FF05EE622A1CF626003E6F8F /* Info.plist */ = {isa = PBXFileReference; lastKnownFileType = text.plist.xml; path = Info.plist; sourceTree = "<group>"; };
		FF930D662A1E10B40049B43F /* FeedRouter.swift */ = {isa = PBXFileReference; lastKnownFileType = sourcecode.swift; path = FeedRouter.swift; sourceTree = "<group>"; };
		FF930D682A1E10E50049B43F /* FeedItemCollectionViewCell.swift */ = {isa = PBXFileReference; lastKnownFileType = sourcecode.swift; path = FeedItemCollectionViewCell.swift; sourceTree = "<group>"; };
		FF930D6A2A1E114C0049B43F /* AppUtils.swift */ = {isa = PBXFileReference; lastKnownFileType = sourcecode.swift; path = AppUtils.swift; sourceTree = "<group>"; };
		FF930D6D2A1E11900049B43F /* SettingsWidgetView.swift */ = {isa = PBXFileReference; lastKnownFileType = sourcecode.swift; path = SettingsWidgetView.swift; sourceTree = "<group>"; };
		FF930D6F2A1E11CC0049B43F /* SettingsRouter.swift */ = {isa = PBXFileReference; lastKnownFileType = sourcecode.swift; path = SettingsRouter.swift; sourceTree = "<group>"; };
		FFDFA07E2A1D06E500D64A7F /* Engine.xcframework */ = {isa = PBXFileReference; lastKnownFileType = wrapper.xcframework; path = Engine.xcframework; sourceTree = "<group>"; };
		FFDFA0882A1D072D00D64A7F /* libresolv.tbd */ = {isa = PBXFileReference; lastKnownFileType = "sourcecode.text-based-dylib-definition"; name = libresolv.tbd; path = usr/lib/libresolv.tbd; sourceTree = SDKROOT; };
		FFDFA08A2A1D07F000D64A7F /* FileManager+Extensions.swift */ = {isa = PBXFileReference; lastKnownFileType = sourcecode.swift; path = "FileManager+Extensions.swift"; sourceTree = "<group>"; };
		FFDFA08E2A1D0AE800D64A7F /* EngineAssets */ = {isa = PBXFileReference; lastKnownFileType = folder; path = EngineAssets; sourceTree = "<group>"; };
		FFDFA0912A1D1E6F00D64A7F /* feedwidget_viewmodels.pb.swift */ = {isa = PBXFileReference; fileEncoding = 4; lastKnownFileType = sourcecode.swift; path = feedwidget_viewmodels.pb.swift; sourceTree = "<group>"; };
		FFDFA0952A1D1EBE00D64A7F /* FeedWidgetView.swift */ = {isa = PBXFileReference; lastKnownFileType = sourcecode.swift; path = FeedWidgetView.swift; sourceTree = "<group>"; };
		FFDFA0A52A1D1FA500D64A7F /* BaseWidgetView.swift */ = {isa = PBXFileReference; lastKnownFileType = sourcecode.swift; path = BaseWidgetView.swift; sourceTree = "<group>"; };
		FFDFA0A72A1D1FC300D64A7F /* BaseViewController.swift */ = {isa = PBXFileReference; lastKnownFileType = sourcecode.swift; path = BaseViewController.swift; sourceTree = "<group>"; };
/* End PBXFileReference section */

/* Begin PBXFrameworksBuildPhase section */
		FF05EE4E2A1CF624003E6F8F /* Frameworks */ = {
			isa = PBXFrameworksBuildPhase;
			buildActionMask = 2147483647;
			files = (
				FFDFA09E2A1D1EFA00D64A7F /* AutoLayoutSugar in Frameworks */,
				FFDFA0A12A1D1F2300D64A7F /* FPSCounter in Frameworks */,
				FFDFA09B2A1D1EE300D64A7F /* SwiftProtobufPluginLibrary in Frameworks */,
				FFDFA07F2A1D06E500D64A7F /* Engine.xcframework in Frameworks */,
				FFDFA0992A1D1EE300D64A7F /* SwiftProtobuf in Frameworks */,
			);
			runOnlyForDeploymentPostprocessing = 0;
		};
/* End PBXFrameworksBuildPhase section */

/* Begin PBXGroup section */
		FF05EE482A1CF624003E6F8F = {
			isa = PBXGroup;
			children = (
				FF05EE532A1CF624003E6F8F /* GomobilePresentation */,
				FF05EE522A1CF624003E6F8F /* Products */,
				FFDFA0872A1D072C00D64A7F /* Frameworks */,
			);
			sourceTree = "<group>";
		};
		FF05EE522A1CF624003E6F8F /* Products */ = {
			isa = PBXGroup;
			children = (
				FF05EE512A1CF624003E6F8F /* GomobilePresentation.app */,
			);
			name = Products;
			sourceTree = "<group>";
		};
		FF05EE532A1CF624003E6F8F /* GomobilePresentation */ = {
			isa = PBXGroup;
			children = (
				FFDFA0A22A1D1F3F00D64A7F /* Application */,
				FFDFA0892A1D079000D64A7F /* Extensions */,
				FFDFA07D2A1D06E500D64A7F /* Frameworks */,
				FFDFA0902A1D1E6F00D64A7F /* Protos */,
				FFDFA0802A1D06EF00D64A7F /* Resources */,
				FFDFA0A32A1D1F4E00D64A7F /* Screens */,
				FFDFA0A42A1D1F7B00D64A7F /* Storyboards */,
				FFDFA0932A1D1E9100D64A7F /* Widgets */,
				FF05EE622A1CF626003E6F8F /* Info.plist */,
			);
			path = GomobilePresentation;
			sourceTree = "<group>";
		};
		FF930D6C2A1E116B0049B43F /* Settings */ = {
			isa = PBXGroup;
			children = (
				FF930D6F2A1E11CC0049B43F /* SettingsRouter.swift */,
				FF930D6D2A1E11900049B43F /* SettingsWidgetView.swift */,
			);
			path = Settings;
			sourceTree = "<group>";
		};
		FFDFA07D2A1D06E500D64A7F /* Frameworks */ = {
			isa = PBXGroup;
			children = (
				FFDFA07E2A1D06E500D64A7F /* Engine.xcframework */,
			);
			path = Frameworks;
			sourceTree = "<group>";
		};
		FFDFA0802A1D06EF00D64A7F /* Resources */ = {
			isa = PBXGroup;
			children = (
				FF05EE5D2A1CF626003E6F8F /* Assets.xcassets */,
				FFDFA08E2A1D0AE800D64A7F /* EngineAssets */,
			);
			path = Resources;
			sourceTree = "<group>";
		};
		FFDFA0872A1D072C00D64A7F /* Frameworks */ = {
			isa = PBXGroup;
			children = (
				FFDFA0882A1D072D00D64A7F /* libresolv.tbd */,
			);
			name = Frameworks;
			sourceTree = "<group>";
		};
		FFDFA0892A1D079000D64A7F /* Extensions */ = {
			isa = PBXGroup;
			children = (
				FFDFA08A2A1D07F000D64A7F /* FileManager+Extensions.swift */,
			);
			path = Extensions;
			sourceTree = "<group>";
		};
		FFDFA0902A1D1E6F00D64A7F /* Protos */ = {
			isa = PBXGroup;
			children = (
				FFDFA0912A1D1E6F00D64A7F /* feedwidget_viewmodels.pb.swift */,
			);
			path = Protos;
			sourceTree = "<group>";
		};
		FFDFA0932A1D1E9100D64A7F /* Widgets */ = {
			isa = PBXGroup;
			children = (
				FFDFA0942A1D1EA700D64A7F /* Feed */,
				FF930D6C2A1E116B0049B43F /* Settings */,
				FFDFA0A52A1D1FA500D64A7F /* BaseWidgetView.swift */,
			);
			path = Widgets;
			sourceTree = "<group>";
		};
		FFDFA0942A1D1EA700D64A7F /* Feed */ = {
			isa = PBXGroup;
			children = (
				FF930D682A1E10E50049B43F /* FeedItemCollectionViewCell.swift */,
				FF930D662A1E10B40049B43F /* FeedRouter.swift */,
				FFDFA0952A1D1EBE00D64A7F /* FeedWidgetView.swift */,
			);
			path = Feed;
			sourceTree = "<group>";
		};
		FFDFA0A22A1D1F3F00D64A7F /* Application */ = {
			isa = PBXGroup;
			children = (
				FF05EE542A1CF624003E6F8F /* AppDelegate.swift */,
				FF05EE562A1CF624003E6F8F /* SceneDelegate.swift */,
				FF930D6A2A1E114C0049B43F /* AppUtils.swift */,
			);
			path = Application;
			sourceTree = "<group>";
		};
		FFDFA0A32A1D1F4E00D64A7F /* Screens */ = {
			isa = PBXGroup;
			children = (
				FF05EE582A1CF624003E6F8F /* ViewController.swift */,
				FFDFA0A72A1D1FC300D64A7F /* BaseViewController.swift */,
			);
			path = Screens;
			sourceTree = "<group>";
		};
		FFDFA0A42A1D1F7B00D64A7F /* Storyboards */ = {
			isa = PBXGroup;
			children = (
				FF05EE5F2A1CF626003E6F8F /* LaunchScreen.storyboard */,
				FF05EE5A2A1CF624003E6F8F /* Main.storyboard */,
			);
			path = Storyboards;
			sourceTree = "<group>";
		};
/* End PBXGroup section */

/* Begin PBXNativeTarget section */
		FF05EE502A1CF624003E6F8F /* GomobilePresentation */ = {
			isa = PBXNativeTarget;
			buildConfigurationList = FF05EE652A1CF626003E6F8F /* Build configuration list for PBXNativeTarget "GomobilePresentation" */;
			buildPhases = (
				FF05EE4D2A1CF624003E6F8F /* Sources */,
				FF05EE4E2A1CF624003E6F8F /* Frameworks */,
				FF05EE4F2A1CF624003E6F8F /* Resources */,
			);
			buildRules = (
			);
			dependencies = (
			);
			name = GomobilePresentation;
			packageProductDependencies = (
				FFDFA0982A1D1EE300D64A7F /* SwiftProtobuf */,
				FFDFA09A2A1D1EE300D64A7F /* SwiftProtobufPluginLibrary */,
				FFDFA09D2A1D1EFA00D64A7F /* AutoLayoutSugar */,
				FFDFA0A02A1D1F2300D64A7F /* FPSCounter */,
			);
			productName = GomobilePresentation;
			productReference = FF05EE512A1CF624003E6F8F /* GomobilePresentation.app */;
			productType = "com.apple.product-type.application";
		};
/* End PBXNativeTarget section */

/* Begin PBXProject section */
		FF05EE492A1CF624003E6F8F /* Project object */ = {
			isa = PBXProject;
			attributes = {
				BuildIndependentTargetsInParallel = 1;
				LastSwiftUpdateCheck = 1430;
				LastUpgradeCheck = 1430;
				TargetAttributes = {
					FF05EE502A1CF624003E6F8F = {
						CreatedOnToolsVersion = 14.3;
					};
				};
			};
			buildConfigurationList = FF05EE4C2A1CF624003E6F8F /* Build configuration list for PBXProject "GomobilePresentation" */;
			compatibilityVersion = "Xcode 14.0";
			developmentRegion = en;
			hasScannedForEncodings = 0;
			knownRegions = (
				en,
				Base,
			);
			mainGroup = FF05EE482A1CF624003E6F8F;
			packageReferences = (
				FFDFA0972A1D1EE300D64A7F /* XCRemoteSwiftPackageReference "swift-protobuf" */,
				FFDFA09C2A1D1EFA00D64A7F /* XCRemoteSwiftPackageReference "auto-layout-sugar-ios" */,
				FFDFA09F2A1D1F2300D64A7F /* XCRemoteSwiftPackageReference "fps-counter" */,
			);
			productRefGroup = FF05EE522A1CF624003E6F8F /* Products */;
			projectDirPath = "";
			projectRoot = "";
			targets = (
				FF05EE502A1CF624003E6F8F /* GomobilePresentation */,
			);
		};
/* End PBXProject section */

/* Begin PBXResourcesBuildPhase section */
		FF05EE4F2A1CF624003E6F8F /* Resources */ = {
			isa = PBXResourcesBuildPhase;
			buildActionMask = 2147483647;
			files = (
				FF05EE612A1CF626003E6F8F /* LaunchScreen.storyboard in Resources */,
				FFDFA08F2A1D0AE800D64A7F /* EngineAssets in Resources */,
				FF05EE5E2A1CF626003E6F8F /* Assets.xcassets in Resources */,
				FF05EE5C2A1CF624003E6F8F /* Main.storyboard in Resources */,
			);
			runOnlyForDeploymentPostprocessing = 0;
		};
/* End PBXResourcesBuildPhase section */

/* Begin PBXSourcesBuildPhase section */
		FF05EE4D2A1CF624003E6F8F /* Sources */ = {
			isa = PBXSourcesBuildPhase;
			buildActionMask = 2147483647;
			files = (
				FF05EE592A1CF624003E6F8F /* ViewController.swift in Sources */,
				FF930D6B2A1E114C0049B43F /* AppUtils.swift in Sources */,
				FFDFA0A62A1D1FA500D64A7F /* BaseWidgetView.swift in Sources */,
				FF930D692A1E10E50049B43F /* FeedItemCollectionViewCell.swift in Sources */,
				FFDFA08B2A1D07F000D64A7F /* FileManager+Extensions.swift in Sources */,
				FF930D672A1E10B40049B43F /* FeedRouter.swift in Sources */,
				FFDFA0962A1D1EBE00D64A7F /* FeedWidgetView.swift in Sources */,
				FF930D6E2A1E11900049B43F /* SettingsWidgetView.swift in Sources */,
				FFDFA0922A1D1E7000D64A7F /* feedwidget_viewmodels.pb.swift in Sources */,
				FFDFA0A82A1D1FC300D64A7F /* BaseViewController.swift in Sources */,
				FF930D702A1E11CC0049B43F /* SettingsRouter.swift in Sources */,
				FF05EE552A1CF624003E6F8F /* AppDelegate.swift in Sources */,
				FF05EE572A1CF624003E6F8F /* SceneDelegate.swift in Sources */,
			);
			runOnlyForDeploymentPostprocessing = 0;
		};
/* End PBXSourcesBuildPhase section */

/* Begin PBXVariantGroup section */
		FF05EE5A2A1CF624003E6F8F /* Main.storyboard */ = {
			isa = PBXVariantGroup;
			children = (
				FF05EE5B2A1CF624003E6F8F /* Base */,
			);
			name = Main.storyboard;
			sourceTree = "<group>";
		};
		FF05EE5F2A1CF626003E6F8F /* LaunchScreen.storyboard */ = {
			isa = PBXVariantGroup;
			children = (
				FF05EE602A1CF626003E6F8F /* Base */,
			);
			name = LaunchScreen.storyboard;
			sourceTree = "<group>";
		};
/* End PBXVariantGroup section */

/* Begin XCBuildConfiguration section */
		FF05EE632A1CF626003E6F8F /* Debug */ = {
			isa = XCBuildConfiguration;
			buildSettings = {
				ALWAYS_SEARCH_USER_PATHS = NO;
				CLANG_ANALYZER_NONNULL = YES;
				CLANG_ANALYZER_NUMBER_OBJECT_CONVERSION = YES_AGGRESSIVE;
				CLANG_CXX_LANGUAGE_STANDARD = "gnu++20";
				CLANG_ENABLE_MODULES = YES;
				CLANG_ENABLE_OBJC_ARC = YES;
				CLANG_ENABLE_OBJC_WEAK = YES;
				CLANG_WARN_BLOCK_CAPTURE_AUTORELEASING = YES;
				CLANG_WARN_BOOL_CONVERSION = YES;
				CLANG_WARN_COMMA = YES;
				CLANG_WARN_CONSTANT_CONVERSION = YES;
				CLANG_WARN_DEPRECATED_OBJC_IMPLEMENTATIONS = YES;
				CLANG_WARN_DIRECT_OBJC_ISA_USAGE = YES_ERROR;
				CLANG_WARN_DOCUMENTATION_COMMENTS = YES;
				CLANG_WARN_EMPTY_BODY = YES;
				CLANG_WARN_ENUM_CONVERSION = YES;
				CLANG_WARN_INFINITE_RECURSION = YES;
				CLANG_WARN_INT_CONVERSION = YES;
				CLANG_WARN_NON_LITERAL_NULL_CONVERSION = YES;
				CLANG_WARN_OBJC_IMPLICIT_RETAIN_SELF = YES;
				CLANG_WARN_OBJC_LITERAL_CONVERSION = YES;
				CLANG_WARN_OBJC_ROOT_CLASS = YES_ERROR;
				CLANG_WARN_QUOTED_INCLUDE_IN_FRAMEWORK_HEADER = YES;
				CLANG_WARN_RANGE_LOOP_ANALYSIS = YES;
				CLANG_WARN_STRICT_PROTOTYPES = YES;
				CLANG_WARN_SUSPICIOUS_MOVE = YES;
				CLANG_WARN_UNGUARDED_AVAILABILITY = YES_AGGRESSIVE;
				CLANG_WARN_UNREACHABLE_CODE = YES;
				CLANG_WARN__DUPLICATE_METHOD_MATCH = YES;
				COPY_PHASE_STRIP = NO;
				DEBUG_INFORMATION_FORMAT = dwarf;
				ENABLE_STRICT_OBJC_MSGSEND = YES;
				ENABLE_TESTABILITY = YES;
				GCC_C_LANGUAGE_STANDARD = gnu11;
				GCC_DYNAMIC_NO_PIC = NO;
				GCC_NO_COMMON_BLOCKS = YES;
				GCC_OPTIMIZATION_LEVEL = 0;
				GCC_PREPROCESSOR_DEFINITIONS = (
					"DEBUG=1",
					"$(inherited)",
				);
				GCC_WARN_64_TO_32_BIT_CONVERSION = YES;
				GCC_WARN_ABOUT_RETURN_TYPE = YES_ERROR;
				GCC_WARN_UNDECLARED_SELECTOR = YES;
				GCC_WARN_UNINITIALIZED_AUTOS = YES_AGGRESSIVE;
				GCC_WARN_UNUSED_FUNCTION = YES;
				GCC_WARN_UNUSED_VARIABLE = YES;
				IPHONEOS_DEPLOYMENT_TARGET = 15.0;
				MTL_ENABLE_DEBUG_INFO = INCLUDE_SOURCE;
				MTL_FAST_MATH = YES;
				ONLY_ACTIVE_ARCH = YES;
				SDKROOT = iphoneos;
				SWIFT_ACTIVE_COMPILATION_CONDITIONS = DEBUG;
				SWIFT_OPTIMIZATION_LEVEL = "-Onone";
			};
			name = Debug;
		};
		FF05EE642A1CF626003E6F8F /* Release */ = {
			isa = XCBuildConfiguration;
			buildSettings = {
				ALWAYS_SEARCH_USER_PATHS = NO;
				CLANG_ANALYZER_NONNULL = YES;
				CLANG_ANALYZER_NUMBER_OBJECT_CONVERSION = YES_AGGRESSIVE;
				CLANG_CXX_LANGUAGE_STANDARD = "gnu++20";
				CLANG_ENABLE_MODULES = YES;
				CLANG_ENABLE_OBJC_ARC = YES;
				CLANG_ENABLE_OBJC_WEAK = YES;
				CLANG_WARN_BLOCK_CAPTURE_AUTORELEASING = YES;
				CLANG_WARN_BOOL_CONVERSION = YES;
				CLANG_WARN_COMMA = YES;
				CLANG_WARN_CONSTANT_CONVERSION = YES;
				CLANG_WARN_DEPRECATED_OBJC_IMPLEMENTATIONS = YES;
				CLANG_WARN_DIRECT_OBJC_ISA_USAGE = YES_ERROR;
				CLANG_WARN_DOCUMENTATION_COMMENTS = YES;
				CLANG_WARN_EMPTY_BODY = YES;
				CLANG_WARN_ENUM_CONVERSION = YES;
				CLANG_WARN_INFINITE_RECURSION = YES;
				CLANG_WARN_INT_CONVERSION = YES;
				CLANG_WARN_NON_LITERAL_NULL_CONVERSION = YES;
				CLANG_WARN_OBJC_IMPLICIT_RETAIN_SELF = YES;
				CLANG_WARN_OBJC_LITERAL_CONVERSION = YES;
				CLANG_WARN_OBJC_ROOT_CLASS = YES_ERROR;
				CLANG_WARN_QUOTED_INCLUDE_IN_FRAMEWORK_HEADER = YES;
				CLANG_WARN_RANGE_LOOP_ANALYSIS = YES;
				CLANG_WARN_STRICT_PROTOTYPES = YES;
				CLANG_WARN_SUSPICIOUS_MOVE = YES;
				CLANG_WARN_UNGUARDED_AVAILABILITY = YES_AGGRESSIVE;
				CLANG_WARN_UNREACHABLE_CODE = YES;
				CLANG_WARN__DUPLICATE_METHOD_MATCH = YES;
				COPY_PHASE_STRIP = NO;
				DEBUG_INFORMATION_FORMAT = "dwarf-with-dsym";
				ENABLE_NS_ASSERTIONS = NO;
				ENABLE_STRICT_OBJC_MSGSEND = YES;
				GCC_C_LANGUAGE_STANDARD = gnu11;
				GCC_NO_COMMON_BLOCKS = YES;
				GCC_WARN_64_TO_32_BIT_CONVERSION = YES;
				GCC_WARN_ABOUT_RETURN_TYPE = YES_ERROR;
				GCC_WARN_UNDECLARED_SELECTOR = YES;
				GCC_WARN_UNINITIALIZED_AUTOS = YES_AGGRESSIVE;
				GCC_WARN_UNUSED_FUNCTION = YES;
				GCC_WARN_UNUSED_VARIABLE = YES;
				IPHONEOS_DEPLOYMENT_TARGET = 15.0;
				MTL_ENABLE_DEBUG_INFO = NO;
				MTL_FAST_MATH = YES;
				SDKROOT = iphoneos;
				SWIFT_COMPILATION_MODE = wholemodule;
				SWIFT_OPTIMIZATION_LEVEL = "-O";
				VALIDATE_PRODUCT = YES;
			};
			name = Release;
		};
		FF05EE662A1CF626003E6F8F /* Debug */ = {
			isa = XCBuildConfiguration;
			buildSettings = {
				ASSETCATALOG_COMPILER_APPICON_NAME = AppIcon;
				ASSETCATALOG_COMPILER_GLOBAL_ACCENT_COLOR_NAME = AccentColor;
				CODE_SIGN_STYLE = Automatic;
				CURRENT_PROJECT_VERSION = 1;
				GENERATE_INFOPLIST_FILE = YES;
				INFOPLIST_FILE = GomobilePresentation/Info.plist;
				INFOPLIST_KEY_UIApplicationSupportsIndirectInputEvents = YES;
				INFOPLIST_KEY_UILaunchStoryboardName = LaunchScreen;
				INFOPLIST_KEY_UIMainStoryboardFile = Main;
				INFOPLIST_KEY_UISupportedInterfaceOrientations_iPad = "UIInterfaceOrientationPortrait UIInterfaceOrientationPortraitUpsideDown UIInterfaceOrientationLandscapeLeft UIInterfaceOrientationLandscapeRight";
				INFOPLIST_KEY_UISupportedInterfaceOrientations_iPhone = "UIInterfaceOrientationPortrait UIInterfaceOrientationLandscapeLeft UIInterfaceOrientationLandscapeRight";
				LD_RUNPATH_SEARCH_PATHS = (
					"$(inherited)",
					"@executable_path/Frameworks",
				);
				MARKETING_VERSION = 1.0;
				PRODUCT_BUNDLE_IDENTIFIER = com.example.GomobilePresentation;
				PRODUCT_NAME = "$(TARGET_NAME)";
				SUPPORTED_PLATFORMS = "iphoneos iphonesimulator";
				SUPPORTS_MACCATALYST = NO;
				SUPPORTS_MAC_DESIGNED_FOR_IPHONE_IPAD = NO;
				SWIFT_EMIT_LOC_STRINGS = YES;
				SWIFT_VERSION = 5.0;
				TARGETED_DEVICE_FAMILY = "1,2";
			};
			name = Debug;
		};
		FF05EE672A1CF626003E6F8F /* Release */ = {
			isa = XCBuildConfiguration;
			buildSettings = {
				ASSETCATALOG_COMPILER_APPICON_NAME = AppIcon;
				ASSETCATALOG_COMPILER_GLOBAL_ACCENT_COLOR_NAME = AccentColor;
				CODE_SIGN_STYLE = Automatic;
				CURRENT_PROJECT_VERSION = 1;
				GENERATE_INFOPLIST_FILE = YES;
				INFOPLIST_FILE = GomobilePresentation/Info.plist;
				INFOPLIST_KEY_UIApplicationSupportsIndirectInputEvents = YES;
				INFOPLIST_KEY_UILaunchStoryboardName = LaunchScreen;
				INFOPLIST_KEY_UIMainStoryboardFile = Main;
				INFOPLIST_KEY_UISupportedInterfaceOrientations_iPad = "UIInterfaceOrientationPortrait UIInterfaceOrientationPortraitUpsideDown UIInterfaceOrientationLandscapeLeft UIInterfaceOrientationLandscapeRight";
				INFOPLIST_KEY_UISupportedInterfaceOrientations_iPhone = "UIInterfaceOrientationPortrait UIInterfaceOrientationLandscapeLeft UIInterfaceOrientationLandscapeRight";
				LD_RUNPATH_SEARCH_PATHS = (
					"$(inherited)",
					"@executable_path/Frameworks",
				);
				MARKETING_VERSION = 1.0;
				PRODUCT_BUNDLE_IDENTIFIER = com.example.GomobilePresentation;
				PRODUCT_NAME = "$(TARGET_NAME)";
				SUPPORTED_PLATFORMS = "iphoneos iphonesimulator";
				SUPPORTS_MACCATALYST = NO;
				SUPPORTS_MAC_DESIGNED_FOR_IPHONE_IPAD = NO;
				SWIFT_EMIT_LOC_STRINGS = YES;
				SWIFT_VERSION = 5.0;
				TARGETED_DEVICE_FAMILY = "1,2";
			};
			name = Release;
		};
/* End XCBuildConfiguration section */

/* Begin XCConfigurationList section */
		FF05EE4C2A1CF624003E6F8F /* Build configuration list for PBXProject "GomobilePresentation" */ = {
			isa = XCConfigurationList;
			buildConfigurations = (
				FF05EE632A1CF626003E6F8F /* Debug */,
				FF05EE642A1CF626003E6F8F /* Release */,
			);
			defaultConfigurationIsVisible = 0;
			defaultConfigurationName = Release;
		};
		FF05EE652A1CF626003E6F8F /* Build configuration list for PBXNativeTarget "GomobilePresentation" */ = {
			isa = XCConfigurationList;
			buildConfigurations = (
				FF05EE662A1CF626003E6F8F /* Debug */,
				FF05EE672A1CF626003E6F8F /* Release */,
			);
			defaultConfigurationIsVisible = 0;
			defaultConfigurationName = Release;
		};
/* End XCConfigurationList section */

/* Begin XCRemoteSwiftPackageReference section */
		FFDFA0972A1D1EE300D64A7F /* XCRemoteSwiftPackageReference "swift-protobuf" */ = {
			isa = XCRemoteSwiftPackageReference;
			repositoryURL = "https://github.com/apple/swift-protobuf.git";
			requirement = {
				kind = upToNextMajorVersion;
				minimumVersion = 1.0.0;
			};
		};
		FFDFA09C2A1D1EFA00D64A7F /* XCRemoteSwiftPackageReference "auto-layout-sugar-ios" */ = {
			isa = XCRemoteSwiftPackageReference;
			repositoryURL = "https://github.com/Heads-and-Hands/auto-layout-sugar-ios";
			requirement = {
				kind = upToNextMajorVersion;
				minimumVersion = 1.0.0;
			};
		};
		FFDFA09F2A1D1F2300D64A7F /* XCRemoteSwiftPackageReference "fps-counter" */ = {
			isa = XCRemoteSwiftPackageReference;
			repositoryURL = "https://github.com/konoma/fps-counter";
			requirement = {
				kind = upToNextMajorVersion;
				minimumVersion = 4.0.0;
			};
		};
/* End XCRemoteSwiftPackageReference section */

/* Begin XCSwiftPackageProductDependency section */
		FFDFA0982A1D1EE300D64A7F /* SwiftProtobuf */ = {
			isa = XCSwiftPackageProductDependency;
			package = FFDFA0972A1D1EE300D64A7F /* XCRemoteSwiftPackageReference "swift-protobuf" */;
			productName = SwiftProtobuf;
		};
		FFDFA09A2A1D1EE300D64A7F /* SwiftProtobufPluginLibrary */ = {
			isa = XCSwiftPackageProductDependency;
			package = FFDFA0972A1D1EE300D64A7F /* XCRemoteSwiftPackageReference "swift-protobuf" */;
			productName = SwiftProtobufPluginLibrary;
		};
		FFDFA09D2A1D1EFA00D64A7F /* AutoLayoutSugar */ = {
			isa = XCSwiftPackageProductDependency;
			package = FFDFA09C2A1D1EFA00D64A7F /* XCRemoteSwiftPackageReference "auto-layout-sugar-ios" */;
			productName = AutoLayoutSugar;
		};
		FFDFA0A02A1D1F2300D64A7F /* FPSCounter */ = {
			isa = XCSwiftPackageProductDependency;
			package = FFDFA09F2A1D1F2300D64A7F /* XCRemoteSwiftPackageReference "fps-counter" */;
			productName = FPSCounter;
		};
/* End XCSwiftPackageProductDependency section */
	};
	rootObject = FF05EE492A1CF624003E6F8F /* Project object */;
}
